<?xml version="1.0" encoding="utf-8"?>
<Project ToolsVersion="16.0" xmlns="http://schemas.microsoft.com/developer/msbuild/2003">
  <ItemGroup>
    <CustomBuild Include="C:\Users\Lenovo\Downloads\gdcv\cograbuild\CMakeFiles\56b62705577b6fa63152f4c3661be7db\INSTALL_force.rule">
      <Filter>CMake Rules</Filter>
    </CustomBuild>
  </ItemGroup>
  <ItemGroup>
    <Filter Include="CMake Rules">
      <UniqueIdentifier>{8B08BF52-309F-3582-B805-09120D3C200B}</UniqueIdentifier>
    </Filter>
  </ItemGroup>
</Project>
