
Microsoft Visual Studio Solution File, Format Version 12.00
# Visual Studio Version 16
Project("{2150E333-8FDC-42A3-9474-1A3956D46DE8}") = "CMakePredefinedTargets", "CMakePredefinedTargets", "{AB26E5B5-020C-3AF3-BE35-8682CEF08C46}"
EndProject
Project("{2150E333-8FDC-42A3-9474-1A3956D46DE8}") = "cogra", "cogra", "{DB8ECD6D-3911-3281-B5E5-1BD3566A2E20}"
EndProject
Project("{2150E333-8FDC-42A3-9474-1A3956D46DE8}") = "contrib", "cogra\contrib", "{4C10887B-7140-3593-8F1E-49E90C452411}"
EndProject
Project("{2150E333-8FDC-42A3-9474-1A3956D46DE8}") = "tbb", "cogra\contrib\tbb", "{F1D6903E-2968-33D0-A9BA-E23BA38498FD}"
EndProject
Project("{8BC9CEB8-8B4A-11D0-8D11-00A0C91BC942}") = "ALL_BUILD", "ALL_BUILD.vcxproj", "{7687338F-1E8B-33C3-825B-0E159D45A5F7}"
	ProjectSection(ProjectDependencies) = postProject
		{E50EAE39-D55D-3329-B63B-DDF693285576} = {E50EAE39-D55D-3329-B63B-DDF693285576}
		{5145AEB6-3968-3D85-99E5-49C90191379B} = {5145AEB6-3968-3D85-99E5-49C90191379B}
		{61A5F173-7E2A-3049-A8E5-24C4BD78E7FA} = {61A5F173-7E2A-3049-A8E5-24C4BD78E7FA}
		{442B29DA-0691-3E37-98D8-34EFC5D71104} = {442B29DA-0691-3E37-98D8-34EFC5D71104}
	EndProjectSection
EndProject
Project("{8BC9CEB8-8B4A-11D0-8D11-00A0C91BC942}") = "INSTALL", "INSTALL.vcxproj", "{B0B333A1-8B2F-3FBF-8E6F-197ED2950CEB}"
	ProjectSection(ProjectDependencies) = postProject
		{7687338F-1E8B-33C3-825B-0E159D45A5F7} = {7687338F-1E8B-33C3-825B-0E159D45A5F7}
		{E50EAE39-D55D-3329-B63B-DDF693285576} = {E50EAE39-D55D-3329-B63B-DDF693285576}
	EndProjectSection
EndProject
Project("{8BC9CEB8-8B4A-11D0-8D11-00A0C91BC942}") = "ZERO_CHECK", "..\..\..\..\\ZERO_CHECK.vcxproj", "{E50EAE39-D55D-3329-B63B-DDF693285576}"
	ProjectSection(ProjectDependencies) = postProject
	EndProjectSection
EndProject
Project("{8BC9CEB8-8B4A-11D0-8D11-00A0C91BC942}") = "tbb_def_files", "tbb_def_files.vcxproj", "{A1C9B15F-6C63-32E5-A65C-FC593AB4B4C3}"
	ProjectSection(ProjectDependencies) = postProject
		{E50EAE39-D55D-3329-B63B-DDF693285576} = {E50EAE39-D55D-3329-B63B-DDF693285576}
	EndProjectSection
EndProject
Project("{8BC9CEB8-8B4A-11D0-8D11-00A0C91BC942}") = "tbb_static", "tbb_static.vcxproj", "{5145AEB6-3968-3D85-99E5-49C90191379B}"
	ProjectSection(ProjectDependencies) = postProject
		{E50EAE39-D55D-3329-B63B-DDF693285576} = {E50EAE39-D55D-3329-B63B-DDF693285576}
	EndProjectSection
EndProject
Project("{8BC9CEB8-8B4A-11D0-8D11-00A0C91BC942}") = "tbbmalloc_proxy_static", "tbbmalloc_proxy_static.vcxproj", "{61A5F173-7E2A-3049-A8E5-24C4BD78E7FA}"
	ProjectSection(ProjectDependencies) = postProject
		{E50EAE39-D55D-3329-B63B-DDF693285576} = {E50EAE39-D55D-3329-B63B-DDF693285576}
	EndProjectSection
EndProject
Project("{8BC9CEB8-8B4A-11D0-8D11-00A0C91BC942}") = "tbbmalloc_static", "tbbmalloc_static.vcxproj", "{442B29DA-0691-3E37-98D8-34EFC5D71104}"
	ProjectSection(ProjectDependencies) = postProject
		{E50EAE39-D55D-3329-B63B-DDF693285576} = {E50EAE39-D55D-3329-B63B-DDF693285576}
	EndProjectSection
EndProject
Global
	GlobalSection(SolutionConfigurationPlatforms) = preSolution
		Debug|x64 = Debug|x64
		Release|x64 = Release|x64
		MinSizeRel|x64 = MinSizeRel|x64
		RelWithDebInfo|x64 = RelWithDebInfo|x64
	EndGlobalSection
	GlobalSection(ProjectConfigurationPlatforms) = postSolution
		{7687338F-1E8B-33C3-825B-0E159D45A5F7}.Debug|x64.ActiveCfg = Debug|x64
		{7687338F-1E8B-33C3-825B-0E159D45A5F7}.Debug|x64.Build.0 = Debug|x64
		{7687338F-1E8B-33C3-825B-0E159D45A5F7}.Release|x64.ActiveCfg = Release|x64
		{7687338F-1E8B-33C3-825B-0E159D45A5F7}.Release|x64.Build.0 = Release|x64
		{7687338F-1E8B-33C3-825B-0E159D45A5F7}.MinSizeRel|x64.ActiveCfg = MinSizeRel|x64
		{7687338F-1E8B-33C3-825B-0E159D45A5F7}.MinSizeRel|x64.Build.0 = MinSizeRel|x64
		{7687338F-1E8B-33C3-825B-0E159D45A5F7}.RelWithDebInfo|x64.ActiveCfg = RelWithDebInfo|x64
		{7687338F-1E8B-33C3-825B-0E159D45A5F7}.RelWithDebInfo|x64.Build.0 = RelWithDebInfo|x64
		{B0B333A1-8B2F-3FBF-8E6F-197ED2950CEB}.Debug|x64.ActiveCfg = Debug|x64
		{B0B333A1-8B2F-3FBF-8E6F-197ED2950CEB}.Release|x64.ActiveCfg = Release|x64
		{B0B333A1-8B2F-3FBF-8E6F-197ED2950CEB}.MinSizeRel|x64.ActiveCfg = MinSizeRel|x64
		{B0B333A1-8B2F-3FBF-8E6F-197ED2950CEB}.RelWithDebInfo|x64.ActiveCfg = RelWithDebInfo|x64
		{E50EAE39-D55D-3329-B63B-DDF693285576}.Debug|x64.ActiveCfg = Debug|x64
		{E50EAE39-D55D-3329-B63B-DDF693285576}.Debug|x64.Build.0 = Debug|x64
		{E50EAE39-D55D-3329-B63B-DDF693285576}.Release|x64.ActiveCfg = Release|x64
		{E50EAE39-D55D-3329-B63B-DDF693285576}.Release|x64.Build.0 = Release|x64
		{E50EAE39-D55D-3329-B63B-DDF693285576}.MinSizeRel|x64.ActiveCfg = MinSizeRel|x64
		{E50EAE39-D55D-3329-B63B-DDF693285576}.MinSizeRel|x64.Build.0 = MinSizeRel|x64
		{E50EAE39-D55D-3329-B63B-DDF693285576}.RelWithDebInfo|x64.ActiveCfg = RelWithDebInfo|x64
		{E50EAE39-D55D-3329-B63B-DDF693285576}.RelWithDebInfo|x64.Build.0 = RelWithDebInfo|x64
		{A1C9B15F-6C63-32E5-A65C-FC593AB4B4C3}.Debug|x64.ActiveCfg = Debug|x64
		{A1C9B15F-6C63-32E5-A65C-FC593AB4B4C3}.Release|x64.ActiveCfg = Release|x64
		{A1C9B15F-6C63-32E5-A65C-FC593AB4B4C3}.MinSizeRel|x64.ActiveCfg = MinSizeRel|x64
		{A1C9B15F-6C63-32E5-A65C-FC593AB4B4C3}.RelWithDebInfo|x64.ActiveCfg = RelWithDebInfo|x64
		{5145AEB6-3968-3D85-99E5-49C90191379B}.Debug|x64.ActiveCfg = Debug|x64
		{5145AEB6-3968-3D85-99E5-49C90191379B}.Debug|x64.Build.0 = Debug|x64
		{5145AEB6-3968-3D85-99E5-49C90191379B}.Release|x64.ActiveCfg = Release|x64
		{5145AEB6-3968-3D85-99E5-49C90191379B}.Release|x64.Build.0 = Release|x64
		{5145AEB6-3968-3D85-99E5-49C90191379B}.MinSizeRel|x64.ActiveCfg = MinSizeRel|x64
		{5145AEB6-3968-3D85-99E5-49C90191379B}.MinSizeRel|x64.Build.0 = MinSizeRel|x64
		{5145AEB6-3968-3D85-99E5-49C90191379B}.RelWithDebInfo|x64.ActiveCfg = RelWithDebInfo|x64
		{5145AEB6-3968-3D85-99E5-49C90191379B}.RelWithDebInfo|x64.Build.0 = RelWithDebInfo|x64
		{61A5F173-7E2A-3049-A8E5-24C4BD78E7FA}.Debug|x64.ActiveCfg = Debug|x64
		{61A5F173-7E2A-3049-A8E5-24C4BD78E7FA}.Debug|x64.Build.0 = Debug|x64
		{61A5F173-7E2A-3049-A8E5-24C4BD78E7FA}.Release|x64.ActiveCfg = Release|x64
		{61A5F173-7E2A-3049-A8E5-24C4BD78E7FA}.Release|x64.Build.0 = Release|x64
		{61A5F173-7E2A-3049-A8E5-24C4BD78E7FA}.MinSizeRel|x64.ActiveCfg = MinSizeRel|x64
		{61A5F173-7E2A-3049-A8E5-24C4BD78E7FA}.MinSizeRel|x64.Build.0 = MinSizeRel|x64
		{61A5F173-7E2A-3049-A8E5-24C4BD78E7FA}.RelWithDebInfo|x64.ActiveCfg = RelWithDebInfo|x64
		{61A5F173-7E2A-3049-A8E5-24C4BD78E7FA}.RelWithDebInfo|x64.Build.0 = RelWithDebInfo|x64
		{442B29DA-0691-3E37-98D8-34EFC5D71104}.Debug|x64.ActiveCfg = Debug|x64
		{442B29DA-0691-3E37-98D8-34EFC5D71104}.Debug|x64.Build.0 = Debug|x64
		{442B29DA-0691-3E37-98D8-34EFC5D71104}.Release|x64.ActiveCfg = Release|x64
		{442B29DA-0691-3E37-98D8-34EFC5D71104}.Release|x64.Build.0 = Release|x64
		{442B29DA-0691-3E37-98D8-34EFC5D71104}.MinSizeRel|x64.ActiveCfg = MinSizeRel|x64
		{442B29DA-0691-3E37-98D8-34EFC5D71104}.MinSizeRel|x64.Build.0 = MinSizeRel|x64
		{442B29DA-0691-3E37-98D8-34EFC5D71104}.RelWithDebInfo|x64.ActiveCfg = RelWithDebInfo|x64
		{442B29DA-0691-3E37-98D8-34EFC5D71104}.RelWithDebInfo|x64.Build.0 = RelWithDebInfo|x64
	EndGlobalSection
	GlobalSection(NestedProjects) = preSolution
		{7687338F-1E8B-33C3-825B-0E159D45A5F7} = {AB26E5B5-020C-3AF3-BE35-8682CEF08C46}
		{B0B333A1-8B2F-3FBF-8E6F-197ED2950CEB} = {AB26E5B5-020C-3AF3-BE35-8682CEF08C46}
		{E50EAE39-D55D-3329-B63B-DDF693285576} = {AB26E5B5-020C-3AF3-BE35-8682CEF08C46}
		{4C10887B-7140-3593-8F1E-49E90C452411} = {DB8ECD6D-3911-3281-B5E5-1BD3566A2E20}
		{F1D6903E-2968-33D0-A9BA-E23BA38498FD} = {4C10887B-7140-3593-8F1E-49E90C452411}
		{A1C9B15F-6C63-32E5-A65C-FC593AB4B4C3} = {F1D6903E-2968-33D0-A9BA-E23BA38498FD}
		{5145AEB6-3968-3D85-99E5-49C90191379B} = {F1D6903E-2968-33D0-A9BA-E23BA38498FD}
		{61A5F173-7E2A-3049-A8E5-24C4BD78E7FA} = {F1D6903E-2968-33D0-A9BA-E23BA38498FD}
		{442B29DA-0691-3E37-98D8-34EFC5D71104} = {F1D6903E-2968-33D0-A9BA-E23BA38498FD}
	EndGlobalSection
	GlobalSection(ExtensibilityGlobals) = postSolution
		SolutionGuid = {A4E8B621-A29B-3D35-9FEF-30A400EA0251}
	EndGlobalSection
	GlobalSection(ExtensibilityAddIns) = postSolution
	EndGlobalSection
EndGlobal
